Microsoft Visual Studio Solution File, Format Version 12.00
# Visual Studio Version 17
VisualStudioVersion = 17.5.2.0
MinimumVisualStudioVersion = 10.0.40219.1
Project("{FAE04EC0-301F-11D3-BF4B-00C04F79EFBC}") = "Escrevendo as classes de um Jogo", "Escrevendo as classes de um Jogo.csproj", "{7578DECE-479F-7BB1-2289-A15A919CC41D}"
EndProject
Global
	GlobalSection(SolutionConfigurationPlatforms) = preSolution
		Debug|Any CPU = Debug|Any CPU
		Release|Any CPU = Release|Any CPU
	EndGlobalSection
	GlobalSection(ProjectConfigurationPlatforms) = postSolution
		{7578DECE-479F-7BB1-2289-A15A919CC41D}.Debug|Any CPU.ActiveCfg = Debug|Any CPU
		{7578DECE-479F-7BB1-2289-A15A919CC41D}.Debug|Any CPU.Build.0 = Debug|Any CPU
		{7578DECE-479F-7BB1-2289-A15A919CC41D}.Release|Any CPU.ActiveCfg = Release|Any CPU
		{7578DECE-479F-7BB1-2289-A15A919CC41D}.Release|Any CPU.Build.0 = Release|Any CPU
	EndGlobalSection
	GlobalSection(SolutionProperties) = preSolution
		HideSolutionNode = FALSE
	EndGlobalSection
	GlobalSection(ExtensibilityGlobals) = postSolution
		SolutionGuid = {955DCEC6-B487-4F9F-9CD1-9761797102CE}
	EndGlobalSection
EndGlobal
